
Microsoft Visual Studio Solution File, Format Version 12.00
# Visual Studio Version 16
VisualStudioVersion = 16.0.29009.5
MinimumVisualStudioVersion = 10.0.40219.1
Project("{9A19103F-16F7-4668-BE54-9A1E7A4F7556}") = "OdeToFood", "OdeToFood\OdeToFood.csproj", "{96891619-8EB0-448F-937B-AB98551FBDAF}"
EndProject
Project("{FAE04EC0-301F-11D3-BF4B-00C04F79EFBC}") = "OdeToFood.Core", "OdeToFood.Core\OdeToFood.Core.csproj", "{AEFE9935-4816-4BAE-828C-AB0F6A885337}"
EndProject
Project("{FAE04EC0-301F-11D3-BF4B-00C04F79EFBC}") = "OdeToFood.Data", "OdeToFood.Data\OdeToFood.Data.csproj", "{D7FE98E3-D0F4-432E-A803-AD80E604F633}"
EndProject
Global
	GlobalSection(SolutionConfigurationPlatforms) = preSolution
		Debug|Any CPU = Debug|Any CPU
		Release|Any CPU = Release|Any CPU
	EndGlobalSection
	GlobalSection(ProjectConfigurationPlatforms) = postSolution
		{96891619-8EB0-448F-937B-AB98551FBDAF}.Debug|Any CPU.ActiveCfg = Debug|Any CPU
		{96891619-8EB0-448F-937B-AB98551FBDAF}.Debug|Any CPU.Build.0 = Debug|Any CPU
		{96891619-8EB0-448F-937B-AB98551FBDAF}.Release|Any CPU.ActiveCfg = Release|Any CPU
		{96891619-8EB0-448F-937B-AB98551FBDAF}.Release|Any CPU.Build.0 = Release|Any CPU
		{AEFE9935-4816-4BAE-828C-AB0F6A885337}.Debug|Any CPU.ActiveCfg = Debug|Any CPU
		{AEFE9935-4816-4BAE-828C-AB0F6A885337}.Debug|Any CPU.Build.0 = Debug|Any CPU
		{AEFE9935-4816-4BAE-828C-AB0F6A885337}.Release|Any CPU.ActiveCfg = Release|Any CPU
		{AEFE9935-4816-4BAE-828C-AB0F6A885337}.Release|Any CPU.Build.0 = Release|Any CPU
		{D7FE98E3-D0F4-432E-A803-AD80E604F633}.Debug|Any CPU.ActiveCfg = Debug|Any CPU
		{D7FE98E3-D0F4-432E-A803-AD80E604F633}.Debug|Any CPU.Build.0 = Debug|Any CPU
		{D7FE98E3-D0F4-432E-A803-AD80E604F633}.Release|Any CPU.ActiveCfg = Release|Any CPU
		{D7FE98E3-D0F4-432E-A803-AD80E604F633}.Release|Any CPU.Build.0 = Release|Any CPU
	EndGlobalSection
	GlobalSection(SolutionProperties) = preSolution
		HideSolutionNode = FALSE
	EndGlobalSection
	GlobalSection(ExtensibilityGlobals) = postSolution
		SolutionGuid = {17B37BCA-7E76-4111-969A-81B39D095F2C}
	EndGlobalSection
EndGlobal
